// !$*UTF8*$!
{
	archiveVersion = 1;
	classes = {
	};
	objectVersion = 46;
	objects = {

/* Begin PBXBuildFile section */
		075E7EAD1E558BC500004B10 /* YKPageTitleView.swift in Sources */ = {isa = PBXBuildFile; fileRef = 075E7EAC1E558BC500004B10 /* YKPageTitleView.swift */; };
		077630271E56A1D200A920D2 /* YKPageContentView.swift in Sources */ = {isa = PBXBuildFile; fileRef = 077630261E56A1D200A920D2 /* YKPageContentView.swift */; };
		077630291E56A34600A920D2 /* UIColor+Extension.swift in Sources */ = {isa = PBXBuildFile; fileRef = 077630281E56A34600A920D2 /* UIColor+Extension.swift */; };
		07A4A2821E5E852E008B76E4 /* YKRecommendVC.swift in Sources */ = {isa = PBXBuildFile; fileRef = 07A4A2811E5E852E008B76E4 /* YKRecommendVC.swift */; };
		07F0F3271E248748002BB37D /* AppDelegate.swift in Sources */ = {isa = PBXBuildFile; fileRef = 07F0F3261E248748002BB37D /* AppDelegate.swift */; };
		07F0F3291E248748002BB37D /* ViewController.swift in Sources */ = {isa = PBXBuildFile; fileRef = 07F0F3281E248748002BB37D /* ViewController.swift */; };
		07F0F33C1E248748002BB37D /* dyTests.swift in Sources */ = {isa = PBXBuildFile; fileRef = 07F0F33B1E248748002BB37D /* dyTests.swift */; };
		07F0F3471E248748002BB37D /* dyUITests.swift in Sources */ = {isa = PBXBuildFile; fileRef = 07F0F3461E248748002BB37D /* dyUITests.swift */; };
		07F0F3601E24931A002BB37D /* Assets.xcassets in Resources */ = {isa = PBXBuildFile; fileRef = 07F0F35E1E24931A002BB37D /* Assets.xcassets */; };
		07F0F3611E24931A002BB37D /* Info.plist in Resources */ = {isa = PBXBuildFile; fileRef = 07F0F35F1E24931A002BB37D /* Info.plist */; };
		07F0F3651E24B8BE002BB37D /* YKTabBarVC.swift in Sources */ = {isa = PBXBuildFile; fileRef = 07F0F3641E24B8BE002BB37D /* YKTabBarVC.swift */; };
		07F0F37B1E24BFAF002BB37D /* BSViewController.swift in Sources */ = {isa = PBXBuildFile; fileRef = 07F0F37A1E24BFAF002BB37D /* BSViewController.swift */; };
		07F0F37D1E24BFF3002BB37D /* YKHomeViewController.swift in Sources */ = {isa = PBXBuildFile; fileRef = 07F0F37C1E24BFF3002BB37D /* YKHomeViewController.swift */; };
		07F0F37F1E24C009002BB37D /* YKLiveViewController.swift in Sources */ = {isa = PBXBuildFile; fileRef = 07F0F37E1E24C009002BB37D /* YKLiveViewController.swift */; };
		07F0F3811E24C01E002BB37D /* YKFollowViewController.swift in Sources */ = {isa = PBXBuildFile; fileRef = 07F0F3801E24C01E002BB37D /* YKFollowViewController.swift */; };
		07F0F3831E24C03C002BB37D /* YKProfileViewController.swift in Sources */ = {isa = PBXBuildFile; fileRef = 07F0F3821E24C03C002BB37D /* YKProfileViewController.swift */; };
		07F0F3861E24CE9D002BB37D /* UIBarButtonItem-Extension.swift in Sources */ = {isa = PBXBuildFile; fileRef = 07F0F3851E24CE9D002BB37D /* UIBarButtonItem-Extension.swift */; };
/* End PBXBuildFile section */

/* Begin PBXContainerItemProxy section */
		07F0F3381E248748002BB37D /* PBXContainerItemProxy */ = {
			isa = PBXContainerItemProxy;
			containerPortal = 07F0F31B1E248748002BB37D /* Project object */;
			proxyType = 1;
			remoteGlobalIDString = 07F0F3221E248748002BB37D;
			remoteInfo = dy;
		};
		07F0F3431E248748002BB37D /* PBXContainerItemProxy */ = {
			isa = PBXContainerItemProxy;
			containerPortal = 07F0F31B1E248748002BB37D /* Project object */;
			proxyType = 1;
			remoteGlobalIDString = 07F0F3221E248748002BB37D;
			remoteInfo = dy;
		};
/* End PBXContainerItemProxy section */

/* Begin PBXFileReference section */
		075E7EAC1E558BC500004B10 /* YKPageTitleView.swift */ = {isa = PBXFileReference; fileEncoding = 4; lastKnownFileType = sourcecode.swift; path = YKPageTitleView.swift; sourceTree = "<group>"; };
		077630261E56A1D200A920D2 /* YKPageContentView.swift */ = {isa = PBXFileReference; fileEncoding = 4; lastKnownFileType = sourcecode.swift; path = YKPageContentView.swift; sourceTree = "<group>"; };
		077630281E56A34600A920D2 /* UIColor+Extension.swift */ = {isa = PBXFileReference; fileEncoding = 4; lastKnownFileType = sourcecode.swift; path = "UIColor+Extension.swift"; sourceTree = "<group>"; };
		07A4A2811E5E852E008B76E4 /* YKRecommendVC.swift */ = {isa = PBXFileReference; fileEncoding = 4; lastKnownFileType = sourcecode.swift; path = YKRecommendVC.swift; sourceTree = "<group>"; };
		07F0F3231E248748002BB37D /* dy.app */ = {isa = PBXFileReference; explicitFileType = wrapper.application; includeInIndex = 0; path = dy.app; sourceTree = BUILT_PRODUCTS_DIR; };
		07F0F3261E248748002BB37D /* AppDelegate.swift */ = {isa = PBXFileReference; lastKnownFileType = sourcecode.swift; path = AppDelegate.swift; sourceTree = "<group>"; };
		07F0F3281E248748002BB37D /* ViewController.swift */ = {isa = PBXFileReference; lastKnownFileType = sourcecode.swift; path = ViewController.swift; sourceTree = "<group>"; };
		07F0F3371E248748002BB37D /* dyTests.xctest */ = {isa = PBXFileReference; explicitFileType = wrapper.cfbundle; includeInIndex = 0; path = dyTests.xctest; sourceTree = BUILT_PRODUCTS_DIR; };
		07F0F33B1E248748002BB37D /* dyTests.swift */ = {isa = PBXFileReference; lastKnownFileType = sourcecode.swift; path = dyTests.swift; sourceTree = "<group>"; };
		07F0F33D1E248748002BB37D /* Info.plist */ = {isa = PBXFileReference; lastKnownFileType = text.plist.xml; path = Info.plist; sourceTree = "<group>"; };
		07F0F3421E248748002BB37D /* dyUITests.xctest */ = {isa = PBXFileReference; explicitFileType = wrapper.cfbundle; includeInIndex = 0; path = dyUITests.xctest; sourceTree = BUILT_PRODUCTS_DIR; };
		07F0F3461E248748002BB37D /* dyUITests.swift */ = {isa = PBXFileReference; lastKnownFileType = sourcecode.swift; path = dyUITests.swift; sourceTree = "<group>"; };
		07F0F3481E248748002BB37D /* Info.plist */ = {isa = PBXFileReference; lastKnownFileType = text.plist.xml; path = Info.plist; sourceTree = "<group>"; };
		07F0F35E1E24931A002BB37D /* Assets.xcassets */ = {isa = PBXFileReference; lastKnownFileType = folder.assetcatalog; path = Assets.xcassets; sourceTree = "<group>"; };
		07F0F35F1E24931A002BB37D /* Info.plist */ = {isa = PBXFileReference; fileEncoding = 4; lastKnownFileType = text.plist.xml; path = Info.plist; sourceTree = "<group>"; };
		07F0F3641E24B8BE002BB37D /* YKTabBarVC.swift */ = {isa = PBXFileReference; fileEncoding = 4; lastKnownFileType = sourcecode.swift; path = YKTabBarVC.swift; sourceTree = "<group>"; };
		07F0F37A1E24BFAF002BB37D /* BSViewController.swift */ = {isa = PBXFileReference; fileEncoding = 4; lastKnownFileType = sourcecode.swift; path = BSViewController.swift; sourceTree = "<group>"; };
		07F0F37C1E24BFF3002BB37D /* YKHomeViewController.swift */ = {isa = PBXFileReference; fileEncoding = 4; lastKnownFileType = sourcecode.swift; path = YKHomeViewController.swift; sourceTree = "<group>"; };
		07F0F37E1E24C009002BB37D /* YKLiveViewController.swift */ = {isa = PBXFileReference; fileEncoding = 4; lastKnownFileType = sourcecode.swift; path = YKLiveViewController.swift; sourceTree = "<group>"; };
		07F0F3801E24C01E002BB37D /* YKFollowViewController.swift */ = {isa = PBXFileReference; fileEncoding = 4; lastKnownFileType = sourcecode.swift; path = YKFollowViewController.swift; sourceTree = "<group>"; };
		07F0F3821E24C03C002BB37D /* YKProfileViewController.swift */ = {isa = PBXFileReference; fileEncoding = 4; lastKnownFileType = sourcecode.swift; path = YKProfileViewController.swift; sourceTree = "<group>"; };
		07F0F3851E24CE9D002BB37D /* UIBarButtonItem-Extension.swift */ = {isa = PBXFileReference; fileEncoding = 4; lastKnownFileType = sourcecode.swift; path = "UIBarButtonItem-Extension.swift"; sourceTree = "<group>"; };
/* End PBXFileReference section */

/* Begin PBXFrameworksBuildPhase section */
		07F0F3201E248748002BB37D /* Frameworks */ = {
			isa = PBXFrameworksBuildPhase;
			buildActionMask = 2147483647;
			files = (
			);
			runOnlyForDeploymentPostprocessing = 0;
		};
		07F0F3341E248748002BB37D /* Frameworks */ = {
			isa = PBXFrameworksBuildPhase;
			buildActionMask = 2147483647;
			files = (
			);
			runOnlyForDeploymentPostprocessing = 0;
		};
		07F0F33F1E248748002BB37D /* Frameworks */ = {
			isa = PBXFrameworksBuildPhase;
			buildActionMask = 2147483647;
			files = (
			);
			runOnlyForDeploymentPostprocessing = 0;
		};
/* End PBXFrameworksBuildPhase section */

/* Begin PBXGroup section */
		07F0F31A1E248748002BB37D = {
			isa = PBXGroup;
			children = (
				07F0F3251E248748002BB37D /* dy */,
				07F0F33A1E248748002BB37D /* dyTests */,
				07F0F3451E248748002BB37D /* dyUITests */,
				07F0F3241E248748002BB37D /* Products */,
			);
			sourceTree = "<group>";
		};
		07F0F3241E248748002BB37D /* Products */ = {
			isa = PBXGroup;
			children = (
				07F0F3231E248748002BB37D /* dy.app */,
				07F0F3371E248748002BB37D /* dyTests.xctest */,
				07F0F3421E248748002BB37D /* dyUITests.xctest */,
			);
			name = Products;
			sourceTree = "<group>";
		};
		07F0F3251E248748002BB37D /* dy */ = {
			isa = PBXGroup;
			children = (
				07F0F3261E248748002BB37D /* AppDelegate.swift */,
				07F0F3281E248748002BB37D /* ViewController.swift */,
				07F0F3541E2492BB002BB37D /* Class */,
			);
			path = dy;
			sourceTree = "<group>";
		};
		07F0F33A1E248748002BB37D /* dyTests */ = {
			isa = PBXGroup;
			children = (
				07F0F33B1E248748002BB37D /* dyTests.swift */,
				07F0F33D1E248748002BB37D /* Info.plist */,
			);
			path = dyTests;
			sourceTree = "<group>";
		};
		07F0F3451E248748002BB37D /* dyUITests */ = {
			isa = PBXGroup;
			children = (
				07F0F3461E248748002BB37D /* dyUITests.swift */,
				07F0F3481E248748002BB37D /* Info.plist */,
			);
			path = dyUITests;
			sourceTree = "<group>";
		};
		07F0F3541E2492BB002BB37D /* Class */ = {
			isa = PBXGroup;
			children = (
				07F0F35D1E24931A002BB37D /* Configuration */,
				07F0F35C1E2492CC002BB37D /* Other */,
				07F0F3551E2492BB002BB37D /* Categary */,
				07F0F3561E2492BB002BB37D /* Fine */,
				07F0F3571E2492BB002BB37D /* Home */,
				07F0F3581E2492BB002BB37D /* Live */,
				07F0F3591E2492BB002BB37D /* Main */,
				07F0F35A1E2492BB002BB37D /* Me */,
				07F0F35B1E2492BB002BB37D /* Tools */,
			);
			path = Class;
			sourceTree = "<group>";
		};
		07F0F3551E2492BB002BB37D /* Categary */ = {
			isa = PBXGroup;
			children = (
			);
			path = Categary;
			sourceTree = "<group>";
		};
		07F0F3561E2492BB002BB37D /* Fine */ = {
			isa = PBXGroup;
			children = (
				07F0F36E1E24BF4D002BB37D /* Controller */,
				07F0F36F1E24BF4D002BB37D /* Model */,
				07F0F3701E24BF4D002BB37D /* View */,
				07F0F3711E24BF4D002BB37D /* ViewModel */,
			);
			path = Fine;
			sourceTree = "<group>";
		};
		07F0F3571E2492BB002BB37D /* Home */ = {
			isa = PBXGroup;
			children = (
				07F0F3661E24BF3D002BB37D /* Controller */,
				07F0F3671E24BF3D002BB37D /* Model */,
				07F0F3681E24BF3D002BB37D /* View */,
				07F0F3691E24BF3D002BB37D /* ViewModel */,
			);
			path = Home;
			sourceTree = "<group>";
		};
		07F0F3581E2492BB002BB37D /* Live */ = {
			isa = PBXGroup;
			children = (
				07F0F36A1E24BF44002BB37D /* Controller */,
				07F0F36B1E24BF44002BB37D /* Model */,
				07F0F36C1E24BF44002BB37D /* View */,
				07F0F36D1E24BF44002BB37D /* ViewModel */,
			);
			path = Live;
			sourceTree = "<group>";
		};
		07F0F3591E2492BB002BB37D /* Main */ = {
			isa = PBXGroup;
			children = (
				07F0F3641E24B8BE002BB37D /* YKTabBarVC.swift */,
				07F0F3721E24BF5C002BB37D /* Controller */,
				07F0F3731E24BF5C002BB37D /* Model */,
				07F0F3741E24BF5C002BB37D /* View */,
				07F0F3751E24BF5C002BB37D /* ViewModel */,
			);
			path = Main;
			sourceTree = "<group>";
		};
		07F0F35A1E2492BB002BB37D /* Me */ = {
			isa = PBXGroup;
			children = (
				07F0F3761E24BF6C002BB37D /* Controller */,
				07F0F3771E24BF6C002BB37D /* Model */,
				07F0F3781E24BF6C002BB37D /* View */,
				07F0F3791E24BF6C002BB37D /* ViewModel */,
			);
			path = Me;
			sourceTree = "<group>";
		};
		07F0F35B1E2492BB002BB37D /* Tools */ = {
			isa = PBXGroup;
			children = (
				07F0F3841E24CE6F002BB37D /* Extension */,
			);
			path = Tools;
			sourceTree = "<group>";
		};
		07F0F35C1E2492CC002BB37D /* Other */ = {
			isa = PBXGroup;
			children = (
			);
			path = Other;
			sourceTree = "<group>";
		};
		07F0F35D1E24931A002BB37D /* Configuration */ = {
			isa = PBXGroup;
			children = (
				07F0F35E1E24931A002BB37D /* Assets.xcassets */,
				07F0F35F1E24931A002BB37D /* Info.plist */,
			);
			path = Configuration;
			sourceTree = "<group>";
		};
		07F0F3661E24BF3D002BB37D /* Controller */ = {
			isa = PBXGroup;
			children = (
				07F0F37C1E24BFF3002BB37D /* YKHomeViewController.swift */,
				07A4A2811E5E852E008B76E4 /* YKRecommendVC.swift */,
			);
			path = Controller;
			sourceTree = "<group>";
		};
		07F0F3671E24BF3D002BB37D /* Model */ = {
			isa = PBXGroup;
			children = (
			);
			path = Model;
			sourceTree = "<group>";
		};
		07F0F3681E24BF3D002BB37D /* View */ = {
			isa = PBXGroup;
			children = (
			);
			path = View;
			sourceTree = "<group>";
		};
		07F0F3691E24BF3D002BB37D /* ViewModel */ = {
			isa = PBXGroup;
			children = (
			);
			path = ViewModel;
			sourceTree = "<group>";
		};
		07F0F36A1E24BF44002BB37D /* Controller */ = {
			isa = PBXGroup;
			children = (
				07F0F37E1E24C009002BB37D /* YKLiveViewController.swift */,
			);
			path = Controller;
			sourceTree = "<group>";
		};
		07F0F36B1E24BF44002BB37D /* Model */ = {
			isa = PBXGroup;
			children = (
			);
			path = Model;
			sourceTree = "<group>";
		};
		07F0F36C1E24BF44002BB37D /* View */ = {
			isa = PBXGroup;
			children = (
			);
			path = View;
			sourceTree = "<group>";
		};
		07F0F36D1E24BF44002BB37D /* ViewModel */ = {
			isa = PBXGroup;
			children = (
			);
			path = ViewModel;
			sourceTree = "<group>";
		};
		07F0F36E1E24BF4D002BB37D /* Controller */ = {
			isa = PBXGroup;
			children = (
				07F0F3801E24C01E002BB37D /* YKFollowViewController.swift */,
			);
			path = Controller;
			sourceTree = "<group>";
		};
		07F0F36F1E24BF4D002BB37D /* Model */ = {
			isa = PBXGroup;
			children = (
			);
			path = Model;
			sourceTree = "<group>";
		};
		07F0F3701E24BF4D002BB37D /* View */ = {
			isa = PBXGroup;
			children = (
			);
			path = View;
			sourceTree = "<group>";
		};
		07F0F3711E24BF4D002BB37D /* ViewModel */ = {
			isa = PBXGroup;
			children = (
			);
			path = ViewModel;
			sourceTree = "<group>";
		};
		07F0F3721E24BF5C002BB37D /* Controller */ = {
			isa = PBXGroup;
			children = (
				07F0F37A1E24BFAF002BB37D /* BSViewController.swift */,
			);
			path = Controller;
			sourceTree = "<group>";
		};
		07F0F3731E24BF5C002BB37D /* Model */ = {
			isa = PBXGroup;
			children = (
			);
			path = Model;
			sourceTree = "<group>";
		};
		07F0F3741E24BF5C002BB37D /* View */ = {
			isa = PBXGroup;
			children = (
				075E7EAC1E558BC500004B10 /* YKPageTitleView.swift */,
				077630261E56A1D200A920D2 /* YKPageContentView.swift */,
			);
			path = View;
			sourceTree = "<group>";
		};
		07F0F3751E24BF5C002BB37D /* ViewModel */ = {
			isa = PBXGroup;
			children = (
			);
			path = ViewModel;
			sourceTree = "<group>";
		};
		07F0F3761E24BF6C002BB37D /* Controller */ = {
			isa = PBXGroup;
			children = (
				07F0F3821E24C03C002BB37D /* YKProfileViewController.swift */,
			);
			path = Controller;
			sourceTree = "<group>";
		};
		07F0F3771E24BF6C002BB37D /* Model */ = {
			isa = PBXGroup;
			children = (
			);
			path = Model;
			sourceTree = "<group>";
		};
		07F0F3781E24BF6C002BB37D /* View */ = {
			isa = PBXGroup;
			children = (
			);
			path = View;
			sourceTree = "<group>";
		};
		07F0F3791E24BF6C002BB37D /* ViewModel */ = {
			isa = PBXGroup;
			children = (
			);
			path = ViewModel;
			sourceTree = "<group>";
		};
		07F0F3841E24CE6F002BB37D /* Extension */ = {
			isa = PBXGroup;
			children = (
				07F0F3851E24CE9D002BB37D /* UIBarButtonItem-Extension.swift */,
				077630281E56A34600A920D2 /* UIColor+Extension.swift */,
			);
			path = Extension;
			sourceTree = "<group>";
		};
/* End PBXGroup section */

/* Begin PBXNativeTarget section */
		07F0F3221E248748002BB37D /* dy */ = {
			isa = PBXNativeTarget;
			buildConfigurationList = 07F0F34B1E248748002BB37D /* Build configuration list for PBXNativeTarget "dy" */;
			buildPhases = (
				07F0F31F1E248748002BB37D /* Sources */,
				07F0F3201E248748002BB37D /* Frameworks */,
				07F0F3211E248748002BB37D /* Resources */,
			);
			buildRules = (
			);
			dependencies = (
			);
			name = dy;
			productName = dy;
			productReference = 07F0F3231E248748002BB37D /* dy.app */;
			productType = "com.apple.product-type.application";
		};
		07F0F3361E248748002BB37D /* dyTests */ = {
			isa = PBXNativeTarget;
			buildConfigurationList = 07F0F34E1E248748002BB37D /* Build configuration list for PBXNativeTarget "dyTests" */;
			buildPhases = (
				07F0F3331E248748002BB37D /* Sources */,
				07F0F3341E248748002BB37D /* Frameworks */,
				07F0F3351E248748002BB37D /* Resources */,
			);
			buildRules = (
			);
			dependencies = (
				07F0F3391E248748002BB37D /* PBXTargetDependency */,
			);
			name = dyTests;
			productName = dyTests;
			productReference = 07F0F3371E248748002BB37D /* dyTests.xctest */;
			productType = "com.apple.product-type.bundle.unit-test";
		};
		07F0F3411E248748002BB37D /* dyUITests */ = {
			isa = PBXNativeTarget;
			buildConfigurationList = 07F0F3511E248748002BB37D /* Build configuration list for PBXNativeTarget "dyUITests" */;
			buildPhases = (
				07F0F33E1E248748002BB37D /* Sources */,
				07F0F33F1E248748002BB37D /* Frameworks */,
				07F0F3401E248748002BB37D /* Resources */,
			);
			buildRules = (
			);
			dependencies = (
				07F0F3441E248748002BB37D /* PBXTargetDependency */,
			);
			name = dyUITests;
			productName = dyUITests;
			productReference = 07F0F3421E248748002BB37D /* dyUITests.xctest */;
			productType = "com.apple.product-type.bundle.ui-testing";
		};
/* End PBXNativeTarget section */

/* Begin PBXProject section */
		07F0F31B1E248748002BB37D /* Project object */ = {
			isa = PBXProject;
			attributes = {
				LastSwiftUpdateCheck = 0820;
				LastUpgradeCheck = 0820;
				ORGANIZATIONNAME = eric;
				TargetAttributes = {
					07F0F3221E248748002BB37D = {
						CreatedOnToolsVersion = 8.2.1;
						DevelopmentTeam = 4UED9RKQF6;
						ProvisioningStyle = Automatic;
					};
					07F0F3361E248748002BB37D = {
						CreatedOnToolsVersion = 8.2.1;
						ProvisioningStyle = Automatic;
						TestTargetID = 07F0F3221E248748002BB37D;
					};
					07F0F3411E248748002BB37D = {
						CreatedOnToolsVersion = 8.2.1;
						ProvisioningStyle = Automatic;
						TestTargetID = 07F0F3221E248748002BB37D;
					};
				};
			};
			buildConfigurationList = 07F0F31E1E248748002BB37D /* Build configuration list for PBXProject "dy" */;
			compatibilityVersion = "Xcode 3.2";
			developmentRegion = English;
			hasScannedForEncodings = 0;
			knownRegions = (
				en,
				Base,
			);
			mainGroup = 07F0F31A1E248748002BB37D;
			productRefGroup = 07F0F3241E248748002BB37D /* Products */;
			projectDirPath = "";
			projectRoot = "";
			targets = (
				07F0F3221E248748002BB37D /* dy */,
				07F0F3361E248748002BB37D /* dyTests */,
				07F0F3411E248748002BB37D /* dyUITests */,
			);
		};
/* End PBXProject section */

/* Begin PBXResourcesBuildPhase section */
		07F0F3211E248748002BB37D /* Resources */ = {
			isa = PBXResourcesBuildPhase;
			buildActionMask = 2147483647;
			files = (
				07F0F3611E24931A002BB37D /* Info.plist in Resources */,
				07F0F3601E24931A002BB37D /* Assets.xcassets in Resources */,
			);
			runOnlyForDeploymentPostprocessing = 0;
		};
		07F0F3351E248748002BB37D /* Resources */ = {
			isa = PBXResourcesBuildPhase;
			buildActionMask = 2147483647;
			files = (
			);
			runOnlyForDeploymentPostprocessing = 0;
		};
		07F0F3401E248748002BB37D /* Resources */ = {
			isa = PBXResourcesBuildPhase;
			buildActionMask = 2147483647;
			files = (
			);
			runOnlyForDeploymentPostprocessing = 0;
		};
/* End PBXResourcesBuildPhase section */

/* Begin PBXSourcesBuildPhase section */
		07F0F31F1E248748002BB37D /* Sources */ = {
			isa = PBXSourcesBuildPhase;
			buildActionMask = 2147483647;
			files = (
				07F0F3291E248748002BB37D /* ViewController.swift in Sources */,
				07A4A2821E5E852E008B76E4 /* YKRecommendVC.swift in Sources */,
				07F0F37B1E24BFAF002BB37D /* BSViewController.swift in Sources */,
				077630271E56A1D200A920D2 /* YKPageContentView.swift in Sources */,
				077630291E56A34600A920D2 /* UIColor+Extension.swift in Sources */,
				07F0F37F1E24C009002BB37D /* YKLiveViewController.swift in Sources */,
				07F0F3271E248748002BB37D /* AppDelegate.swift in Sources */,
				075E7EAD1E558BC500004B10 /* YKPageTitleView.swift in Sources */,
				07F0F3831E24C03C002BB37D /* YKProfileViewController.swift in Sources */,
				07F0F37D1E24BFF3002BB37D /* YKHomeViewController.swift in Sources */,
				07F0F3651E24B8BE002BB37D /* YKTabBarVC.swift in Sources */,
				07F0F3811E24C01E002BB37D /* YKFollowViewController.swift in Sources */,
				07F0F3861E24CE9D002BB37D /* UIBarButtonItem-Extension.swift in Sources */,
			);
			runOnlyForDeploymentPostprocessing = 0;
		};
		07F0F3331E248748002BB37D /* Sources */ = {
			isa = PBXSourcesBuildPhase;
			buildActionMask = 2147483647;
			files = (
				07F0F33C1E248748002BB37D /* dyTests.swift in Sources */,
			);
			runOnlyForDeploymentPostprocessing = 0;
		};
		07F0F33E1E248748002BB37D /* Sources */ = {
			isa = PBXSourcesBuildPhase;
			buildActionMask = 2147483647;
			files = (
				07F0F3471E248748002BB37D /* dyUITests.swift in Sources */,
			);
			runOnlyForDeploymentPostprocessing = 0;
		};
/* End PBXSourcesBuildPhase section */

/* Begin PBXTargetDependency section */
		07F0F3391E248748002BB37D /* PBXTargetDependency */ = {
			isa = PBXTargetDependency;
			target = 07F0F3221E248748002BB37D /* dy */;
			targetProxy = 07F0F3381E248748002BB37D /* PBXContainerItemProxy */;
		};
		07F0F3441E248748002BB37D /* PBXTargetDependency */ = {
			isa = PBXTargetDependency;
			target = 07F0F3221E248748002BB37D /* dy */;
			targetProxy = 07F0F3431E248748002BB37D /* PBXContainerItemProxy */;
		};
/* End PBXTargetDependency section */

/* Begin XCBuildConfiguration section */
		07F0F3491E248748002BB37D /* Debug */ = {
			isa = XCBuildConfiguration;
			buildSettings = {
				ALWAYS_SEARCH_USER_PATHS = NO;
				CLANG_ANALYZER_NONNULL = YES;
				CLANG_CXX_LANGUAGE_STANDARD = "gnu++0x";
				CLANG_CXX_LIBRARY = "libc++";
				CLANG_ENABLE_MODULES = YES;
				CLANG_ENABLE_OBJC_ARC = YES;
				CLANG_WARN_BOOL_CONVERSION = YES;
				CLANG_WARN_CONSTANT_CONVERSION = YES;
				CLANG_WARN_DIRECT_OBJC_ISA_USAGE = YES_ERROR;
				CLANG_WARN_DOCUMENTATION_COMMENTS = YES;
				CLANG_WARN_EMPTY_BODY = YES;
				CLANG_WARN_ENUM_CONVERSION = YES;
				CLANG_WARN_INFINITE_RECURSION = YES;
				CLANG_WARN_INT_CONVERSION = YES;
				CLANG_WARN_OBJC_ROOT_CLASS = YES_ERROR;
				CLANG_WARN_SUSPICIOUS_MOVE = YES;
				CLANG_WARN_UNREACHABLE_CODE = YES;
				CLANG_WARN__DUPLICATE_METHOD_MATCH = YES;
				"CODE_SIGN_IDENTITY[sdk=iphoneos*]" = "iPhone Developer";
				COPY_PHASE_STRIP = NO;
				DEBUG_INFORMATION_FORMAT = dwarf;
				ENABLE_STRICT_OBJC_MSGSEND = YES;
				ENABLE_TESTABILITY = YES;
				GCC_C_LANGUAGE_STANDARD = gnu99;
				GCC_DYNAMIC_NO_PIC = NO;
				GCC_NO_COMMON_BLOCKS = YES;
				GCC_OPTIMIZATION_LEVEL = 0;
				GCC_PREPROCESSOR_DEFINITIONS = (
					"DEBUG=1",
					"$(inherited)",
				);
				GCC_WARN_64_TO_32_BIT_CONVERSION = YES;
				GCC_WARN_ABOUT_RETURN_TYPE = YES_ERROR;
				GCC_WARN_UNDECLARED_SELECTOR = YES;
				GCC_WARN_UNINITIALIZED_AUTOS = YES_AGGRESSIVE;
				GCC_WARN_UNUSED_FUNCTION = YES;
				GCC_WARN_UNUSED_VARIABLE = YES;
				IPHONEOS_DEPLOYMENT_TARGET = 10.2;
				MTL_ENABLE_DEBUG_INFO = YES;
				ONLY_ACTIVE_ARCH = YES;
				SDKROOT = iphoneos;
				SWIFT_ACTIVE_COMPILATION_CONDITIONS = DEBUG;
				SWIFT_OPTIMIZATION_LEVEL = "-Onone";
			};
			name = Debug;
		};
		07F0F34A1E248748002BB37D /* Release */ = {
			isa = XCBuildConfiguration;
			buildSettings = {
				ALWAYS_SEARCH_USER_PATHS = NO;
				CLANG_ANALYZER_NONNULL = YES;
				CLANG_CXX_LANGUAGE_STANDARD = "gnu++0x";
				CLANG_CXX_LIBRARY = "libc++";
				CLANG_ENABLE_MODULES = YES;
				CLANG_ENABLE_OBJC_ARC = YES;
				CLANG_WARN_BOOL_CONVERSION = YES;
				CLANG_WARN_CONSTANT_CONVERSION = YES;
				CLANG_WARN_DIRECT_OBJC_ISA_USAGE = YES_ERROR;
				CLANG_WARN_DOCUMENTATION_COMMENTS = YES;
				CLANG_WARN_EMPTY_BODY = YES;
				CLANG_WARN_ENUM_CONVERSION = YES;
				CLANG_WARN_INFINITE_RECURSION = YES;
				CLANG_WARN_INT_CONVERSION = YES;
				CLANG_WARN_OBJC_ROOT_CLASS = YES_ERROR;
				CLANG_WARN_SUSPICIOUS_MOVE = YES;
				CLANG_WARN_UNREACHABLE_CODE = YES;
				CLANG_WARN__DUPLICATE_METHOD_MATCH = YES;
				"CODE_SIGN_IDENTITY[sdk=iphoneos*]" = "iPhone Developer";
				COPY_PHASE_STRIP = NO;
				DEBUG_INFORMATION_FORMAT = "dwarf-with-dsym";
				ENABLE_NS_ASSERTIONS = NO;
				ENABLE_STRICT_OBJC_MSGSEND = YES;
				GCC_C_LANGUAGE_STANDARD = gnu99;
				GCC_NO_COMMON_BLOCKS = YES;
				GCC_WARN_64_TO_32_BIT_CONVERSION = YES;
				GCC_WARN_ABOUT_RETURN_TYPE = YES_ERROR;
				GCC_WARN_UNDECLARED_SELECTOR = YES;
				GCC_WARN_UNINITIALIZED_AUTOS = YES_AGGRESSIVE;
				GCC_WARN_UNUSED_FUNCTION = YES;
				GCC_WARN_UNUSED_VARIABLE = YES;
				IPHONEOS_DEPLOYMENT_TARGET = 10.2;
				MTL_ENABLE_DEBUG_INFO = NO;
				SDKROOT = iphoneos;
				SWIFT_OPTIMIZATION_LEVEL = "-Owholemodule";
				VALIDATE_PRODUCT = YES;
			};
			name = Release;
		};
		07F0F34C1E248748002BB37D /* Debug */ = {
			isa = XCBuildConfiguration;
			buildSettings = {
				ASSETCATALOG_COMPILER_APPICON_NAME = AppIcon;
				ASSETCATALOG_COMPILER_LAUNCHIMAGE_NAME = LaunchImage;
				DEVELOPMENT_TEAM = 4UED9RKQF6;
				INFOPLIST_FILE = "$(SRCROOT)/dy/Class/Configuration/Info.plist";
				IPHONEOS_DEPLOYMENT_TARGET = 9.0;
				LD_RUNPATH_SEARCH_PATHS = "$(inherited) @executable_path/Frameworks";
				PRODUCT_BUNDLE_IDENTIFIER = eric.dy;
				PRODUCT_NAME = "$(TARGET_NAME)";
				SWIFT_VERSION = 3.0;
			};
			name = Debug;
		};
		07F0F34D1E248748002BB37D /* Release */ = {
			isa = XCBuildConfiguration;
			buildSettings = {
				ASSETCATALOG_COMPILER_APPICON_NAME = AppIcon;
				ASSETCATALOG_COMPILER_LAUNCHIMAGE_NAME = LaunchImage;
				DEVELOPMENT_TEAM = 4UED9RKQF6;
				INFOPLIST_FILE = "$(SRCROOT)/dy/Class/Configuration/Info.plist";
				IPHONEOS_DEPLOYMENT_TARGET = 9.0;
				LD_RUNPATH_SEARCH_PATHS = "$(inherited) @executable_path/Frameworks";
				PRODUCT_BUNDLE_IDENTIFIER = eric.dy;
				PRODUCT_NAME = "$(TARGET_NAME)";
				SWIFT_VERSION = 3.0;
			};
			name = Release;
		};
		07F0F34F1E248748002BB37D /* Debug */ = {
			isa = XCBuildConfiguration;
			buildSettings = {
				ALWAYS_EMBED_SWIFT_STANDARD_LIBRARIES = YES;
				BUNDLE_LOADER = "$(TEST_HOST)";
				INFOPLIST_FILE = dyTests/Info.plist;
				LD_RUNPATH_SEARCH_PATHS = "$(inherited) @executable_path/Frameworks @loader_path/Frameworks";
				PRODUCT_BUNDLE_IDENTIFIER = eric.dyTests;
				PRODUCT_NAME = "$(TARGET_NAME)";
				SWIFT_VERSION = 3.0;
				TEST_HOST = "$(BUILT_PRODUCTS_DIR)/dy.app/dy";
			};
			name = Debug;
		};
		07F0F3501E248748002BB37D /* Release */ = {
			isa = XCBuildConfiguration;
			buildSettings = {
				ALWAYS_EMBED_SWIFT_STANDARD_LIBRARIES = YES;
				BUNDLE_LOADER = "$(TEST_HOST)";
				INFOPLIST_FILE = dyTests/Info.plist;
				LD_RUNPATH_SEARCH_PATHS = "$(inherited) @executable_path/Frameworks @loader_path/Frameworks";
				PRODUCT_BUNDLE_IDENTIFIER = eric.dyTests;
				PRODUCT_NAME = "$(TARGET_NAME)";
				SWIFT_VERSION = 3.0;
				TEST_HOST = "$(BUILT_PRODUCTS_DIR)/dy.app/dy";
			};
			name = Release;
		};
		07F0F3521E248748002BB37D /* Debug */ = {
			isa = XCBuildConfiguration;
			buildSettings = {
				ALWAYS_EMBED_SWIFT_STANDARD_LIBRARIES = YES;
				INFOPLIST_FILE = dyUITests/Info.plist;
				LD_RUNPATH_SEARCH_PATHS = "$(inherited) @executable_path/Frameworks @loader_path/Frameworks";
				PRODUCT_BUNDLE_IDENTIFIER = eric.dyUITests;
				PRODUCT_NAME = "$(TARGET_NAME)";
				SWIFT_VERSION = 3.0;
				TEST_TARGET_NAME = dy;
			};
			name = Debug;
		};
		07F0F3531E248748002BB37D /* Release */ = {
			isa = XCBuildConfiguration;
			buildSettings = {
				ALWAYS_EMBED_SWIFT_STANDARD_LIBRARIES = YES;
				INFOPLIST_FILE = dyUITests/Info.plist;
				LD_RUNPATH_SEARCH_PATHS = "$(inherited) @executable_path/Frameworks @loader_path/Frameworks";
				PRODUCT_BUNDLE_IDENTIFIER = eric.dyUITests;
				PRODUCT_NAME = "$(TARGET_NAME)";
				SWIFT_VERSION = 3.0;
				TEST_TARGET_NAME = dy;
			};
			name = Release;
		};
/* End XCBuildConfiguration section */

/* Begin XCConfigurationList section */
		07F0F31E1E248748002BB37D /* Build configuration list for PBXProject "dy" */ = {
			isa = XCConfigurationList;
			buildConfigurations = (
				07F0F3491E248748002BB37D /* Debug */,
				07F0F34A1E248748002BB37D /* Release */,
			);
			defaultConfigurationIsVisible = 0;
			defaultConfigurationName = Release;
		};
		07F0F34B1E248748002BB37D /* Build configuration list for PBXNativeTarget "dy" */ = {
			isa = XCConfigurationList;
			buildConfigurations = (
				07F0F34C1E248748002BB37D /* Debug */,
				07F0F34D1E248748002BB37D /* Release */,
			);
			defaultConfigurationIsVisible = 0;
			defaultConfigurationName = Release;
		};
		07F0F34E1E248748002BB37D /* Build configuration list for PBXNativeTarget "dyTests" */ = {
			isa = XCConfigurationList;
			buildConfigurations = (
				07F0F34F1E248748002BB37D /* Debug */,
				07F0F3501E248748002BB37D /* Release */,
			);
			defaultConfigurationIsVisible = 0;
			defaultConfigurationName = Release;
		};
		07F0F3511E248748002BB37D /* Build configuration list for PBXNativeTarget "dyUITests" */ = {
			isa = XCConfigurationList;
			buildConfigurations = (
				07F0F3521E248748002BB37D /* Debug */,
				07F0F3531E248748002BB37D /* Release */,
			);
			defaultConfigurationIsVisible = 0;
			defaultConfigurationName = Release;
		};
/* End XCConfigurationList section */
	};
	rootObject = 07F0F31B1E248748002BB37D /* Project object */;
}
